// !$*UTF8*$!
{
	archiveVersion = 1;
	classes = {
	};
	objectVersion = 50;
	objects = {

/* Begin PBXBuildFile section */
		7547EEDC99AA352DA0B6C6B4 /* Pods_IMDB_Viewer.framework in Frameworks */ = {isa = PBXBuildFile; fileRef = 5C7EE3D2D55128602D3867C5 /* Pods_IMDB_Viewer.framework */; };
		7F47D3E220C34CB800E09D9C /* AppDelegate.swift in Sources */ = {isa = PBXBuildFile; fileRef = 7F47D3E120C34CB800E09D9C /* AppDelegate.swift */; };
		7F47D3E420C34CB800E09D9C /* MainViewController.swift in Sources */ = {isa = PBXBuildFile; fileRef = 7F47D3E320C34CB800E09D9C /* MainViewController.swift */; };
		7F47D3E720C34CB800E09D9C /* Main.storyboard in Resources */ = {isa = PBXBuildFile; fileRef = 7F47D3E520C34CB800E09D9C /* Main.storyboard */; };
		7F47D3E920C34CBC00E09D9C /* Assets.xcassets in Resources */ = {isa = PBXBuildFile; fileRef = 7F47D3E820C34CBC00E09D9C /* Assets.xcassets */; };
		7F47D3EC20C34CBC00E09D9C /* LaunchScreen.storyboard in Resources */ = {isa = PBXBuildFile; fileRef = 7F47D3EA20C34CBC00E09D9C /* LaunchScreen.storyboard */; };
		7F47D3F720C34CBD00E09D9C /* IMDB_ViewerTests.swift in Sources */ = {isa = PBXBuildFile; fileRef = 7F47D3F620C34CBD00E09D9C /* IMDB_ViewerTests.swift */; };
		7F47D40220C34CBD00E09D9C /* IMDB_ViewerUITests.swift in Sources */ = {isa = PBXBuildFile; fileRef = 7F47D40120C34CBD00E09D9C /* IMDB_ViewerUITests.swift */; };
		7F5E579B220A709700ED3E4E /* MoviesResponse.swift in Sources */ = {isa = PBXBuildFile; fileRef = 7F5E579A220A709700ED3E4E /* MoviesResponse.swift */; };
		7F5E57A3220A72AA00ED3E4E /* DataResponseError.swift in Sources */ = {isa = PBXBuildFile; fileRef = 7F5E579C220A72A800ED3E4E /* DataResponseError.swift */; };
		7F5E57A4220A72AA00ED3E4E /* URLRequest.swift in Sources */ = {isa = PBXBuildFile; fileRef = 7F5E579D220A72A800ED3E4E /* URLRequest.swift */; };
		7F5E57A5220A72AA00ED3E4E /* Result.swift in Sources */ = {isa = PBXBuildFile; fileRef = 7F5E579E220A72A800ED3E4E /* Result.swift */; };
		7F5E57A6220A72AA00ED3E4E /* MoviesRequest.swift in Sources */ = {isa = PBXBuildFile; fileRef = 7F5E579F220A72A900ED3E4E /* MoviesRequest.swift */; };
		7F5E57A8220A72AA00ED3E4E /* MovieRequestClient.swift in Sources */ = {isa = PBXBuildFile; fileRef = 7F5E57A1220A72A900ED3E4E /* MovieRequestClient.swift */; };
		7F5E57A9220A72AA00ED3E4E /* HTTPURLResponse.swift in Sources */ = {isa = PBXBuildFile; fileRef = 7F5E57A2220A72AA00ED3E4E /* HTTPURLResponse.swift */; };
		7F5E57AB220A786C00ED3E4E /* MoviesViewModel.swift in Sources */ = {isa = PBXBuildFile; fileRef = 7F5E57AA220A786C00ED3E4E /* MoviesViewModel.swift */; };
		7F8C0ED620C38C4E00C4D75A /* Movie.swift in Sources */ = {isa = PBXBuildFile; fileRef = 7F8C0ED520C38C4E00C4D75A /* Movie.swift */; };
		7FA9530D20C4C11D00BF59AB /* MovieTableViewCell.swift in Sources */ = {isa = PBXBuildFile; fileRef = 7FA9530C20C4C11D00BF59AB /* MovieTableViewCell.swift */; };
		7FA9531220C4C7E600BF59AB /* ServerEnvironments.plist in Resources */ = {isa = PBXBuildFile; fileRef = 7FA9531120C4C7E600BF59AB /* ServerEnvironments.plist */; };
		7FA9531D20C5051200BF59AB /* MovieDetailViewController.swift in Sources */ = {isa = PBXBuildFile; fileRef = 7FA9531C20C5051200BF59AB /* MovieDetailViewController.swift */; };
		7FAFE7099F3D7C3FB78E9BED /* Pods_IMDB_ViewerUITests.framework in Frameworks */ = {isa = PBXBuildFile; fileRef = C5016FBA09BA9FFEE13566B4 /* Pods_IMDB_ViewerUITests.framework */; };
		8026CAD505B929F07FD5D4B1 /* Pods_IMDB_ViewerTests.framework in Frameworks */ = {isa = PBXBuildFile; fileRef = 7A1CA8C189AFFC9EBB9B8E8B /* Pods_IMDB_ViewerTests.framework */; };
/* End PBXBuildFile section */

/* Begin PBXContainerItemProxy section */
		7F47D3F320C34CBD00E09D9C /* PBXContainerItemProxy */ = {
			isa = PBXContainerItemProxy;
			containerPortal = 7F47D3D620C34CB800E09D9C /* Project object */;
			proxyType = 1;
			remoteGlobalIDString = 7F47D3DD20C34CB800E09D9C;
			remoteInfo = "IMDB Viewer";
		};
		7F47D3FE20C34CBD00E09D9C /* PBXContainerItemProxy */ = {
			isa = PBXContainerItemProxy;
			containerPortal = 7F47D3D620C34CB800E09D9C /* Project object */;
			proxyType = 1;
			remoteGlobalIDString = 7F47D3DD20C34CB800E09D9C;
			remoteInfo = "IMDB Viewer";
		};
/* End PBXContainerItemProxy section */

/* Begin PBXFileReference section */
		0769268B4B1730DA1EB1753D /* Pods-IMDB Viewer.release.xcconfig */ = {isa = PBXFileReference; includeInIndex = 1; lastKnownFileType = text.xcconfig; name = "Pods-IMDB Viewer.release.xcconfig"; path = "Pods/Target Support Files/Pods-IMDB Viewer/Pods-IMDB Viewer.release.xcconfig"; sourceTree = "<group>"; };
		15FF227FBC9F2D95ADC39715 /* Pods-IMDB ViewerUITests.release.xcconfig */ = {isa = PBXFileReference; includeInIndex = 1; lastKnownFileType = text.xcconfig; name = "Pods-IMDB ViewerUITests.release.xcconfig"; path = "Pods/Target Support Files/Pods-IMDB ViewerUITests/Pods-IMDB ViewerUITests.release.xcconfig"; sourceTree = "<group>"; };
		5C7EE3D2D55128602D3867C5 /* Pods_IMDB_Viewer.framework */ = {isa = PBXFileReference; explicitFileType = wrapper.framework; includeInIndex = 0; path = Pods_IMDB_Viewer.framework; sourceTree = BUILT_PRODUCTS_DIR; };
		74F59FA36E2FCB5B9A015A00 /* Pods-IMDB ViewerUITests.debug.xcconfig */ = {isa = PBXFileReference; includeInIndex = 1; lastKnownFileType = text.xcconfig; name = "Pods-IMDB ViewerUITests.debug.xcconfig"; path = "Pods/Target Support Files/Pods-IMDB ViewerUITests/Pods-IMDB ViewerUITests.debug.xcconfig"; sourceTree = "<group>"; };
		7A1CA8C189AFFC9EBB9B8E8B /* Pods_IMDB_ViewerTests.framework */ = {isa = PBXFileReference; explicitFileType = wrapper.framework; includeInIndex = 0; path = Pods_IMDB_ViewerTests.framework; sourceTree = BUILT_PRODUCTS_DIR; };
		7F47D3DE20C34CB800E09D9C /* IMDB Viewer.app */ = {isa = PBXFileReference; explicitFileType = wrapper.application; includeInIndex = 0; path = "IMDB Viewer.app"; sourceTree = BUILT_PRODUCTS_DIR; };
		7F47D3E120C34CB800E09D9C /* AppDelegate.swift */ = {isa = PBXFileReference; lastKnownFileType = sourcecode.swift; path = AppDelegate.swift; sourceTree = "<group>"; };
		7F47D3E320C34CB800E09D9C /* MainViewController.swift */ = {isa = PBXFileReference; lastKnownFileType = sourcecode.swift; path = MainViewController.swift; sourceTree = "<group>"; };
		7F47D3E620C34CB800E09D9C /* Base */ = {isa = PBXFileReference; lastKnownFileType = file.storyboard; name = Base; path = Base.lproj/Main.storyboard; sourceTree = "<group>"; };
		7F47D3E820C34CBC00E09D9C /* Assets.xcassets */ = {isa = PBXFileReference; lastKnownFileType = folder.assetcatalog; path = Assets.xcassets; sourceTree = "<group>"; };
		7F47D3EB20C34CBC00E09D9C /* Base */ = {isa = PBXFileReference; lastKnownFileType = file.storyboard; name = Base; path = Base.lproj/LaunchScreen.storyboard; sourceTree = "<group>"; };
		7F47D3ED20C34CBC00E09D9C /* Info.plist */ = {isa = PBXFileReference; lastKnownFileType = text.plist.xml; path = Info.plist; sourceTree = "<group>"; };
		7F47D3F220C34CBD00E09D9C /* IMDB ViewerTests.xctest */ = {isa = PBXFileReference; explicitFileType = wrapper.cfbundle; includeInIndex = 0; path = "IMDB ViewerTests.xctest"; sourceTree = BUILT_PRODUCTS_DIR; };
		7F47D3F620C34CBD00E09D9C /* IMDB_ViewerTests.swift */ = {isa = PBXFileReference; lastKnownFileType = sourcecode.swift; path = IMDB_ViewerTests.swift; sourceTree = "<group>"; };
		7F47D3F820C34CBD00E09D9C /* Info.plist */ = {isa = PBXFileReference; lastKnownFileType = text.plist.xml; path = Info.plist; sourceTree = "<group>"; };
		7F47D3FD20C34CBD00E09D9C /* IMDB ViewerUITests.xctest */ = {isa = PBXFileReference; explicitFileType = wrapper.cfbundle; includeInIndex = 0; path = "IMDB ViewerUITests.xctest"; sourceTree = BUILT_PRODUCTS_DIR; };
		7F47D40120C34CBD00E09D9C /* IMDB_ViewerUITests.swift */ = {isa = PBXFileReference; lastKnownFileType = sourcecode.swift; path = IMDB_ViewerUITests.swift; sourceTree = "<group>"; };
		7F47D40320C34CBD00E09D9C /* Info.plist */ = {isa = PBXFileReference; lastKnownFileType = text.plist.xml; path = Info.plist; sourceTree = "<group>"; };
		7F5E579A220A709700ED3E4E /* MoviesResponse.swift */ = {isa = PBXFileReference; lastKnownFileType = sourcecode.swift; path = MoviesResponse.swift; sourceTree = "<group>"; };
		7F5E579C220A72A800ED3E4E /* DataResponseError.swift */ = {isa = PBXFileReference; fileEncoding = 4; lastKnownFileType = sourcecode.swift; path = DataResponseError.swift; sourceTree = "<group>"; };
		7F5E579D220A72A800ED3E4E /* URLRequest.swift */ = {isa = PBXFileReference; fileEncoding = 4; lastKnownFileType = sourcecode.swift; path = URLRequest.swift; sourceTree = "<group>"; };
		7F5E579E220A72A800ED3E4E /* Result.swift */ = {isa = PBXFileReference; fileEncoding = 4; lastKnownFileType = sourcecode.swift; path = Result.swift; sourceTree = "<group>"; };
		7F5E579F220A72A900ED3E4E /* MoviesRequest.swift */ = {isa = PBXFileReference; fileEncoding = 4; lastKnownFileType = sourcecode.swift; path = MoviesRequest.swift; sourceTree = "<group>"; };
		7F5E57A1220A72A900ED3E4E /* MovieRequestClient.swift */ = {isa = PBXFileReference; fileEncoding = 4; lastKnownFileType = sourcecode.swift; path = MovieRequestClient.swift; sourceTree = "<group>"; };
		7F5E57A2220A72AA00ED3E4E /* HTTPURLResponse.swift */ = {isa = PBXFileReference; fileEncoding = 4; lastKnownFileType = sourcecode.swift; path = HTTPURLResponse.swift; sourceTree = "<group>"; };
		7F5E57AA220A786C00ED3E4E /* MoviesViewModel.swift */ = {isa = PBXFileReference; lastKnownFileType = sourcecode.swift; path = MoviesViewModel.swift; sourceTree = "<group>"; };
		7F8C0ED520C38C4E00C4D75A /* Movie.swift */ = {isa = PBXFileReference; lastKnownFileType = sourcecode.swift; path = Movie.swift; sourceTree = "<group>"; };
		7FA9530C20C4C11D00BF59AB /* MovieTableViewCell.swift */ = {isa = PBXFileReference; lastKnownFileType = sourcecode.swift; path = MovieTableViewCell.swift; sourceTree = "<group>"; };
		7FA9531120C4C7E600BF59AB /* ServerEnvironments.plist */ = {isa = PBXFileReference; fileEncoding = 4; lastKnownFileType = text.plist.xml; path = ServerEnvironments.plist; sourceTree = "<group>"; };
		7FA9531C20C5051200BF59AB /* MovieDetailViewController.swift */ = {isa = PBXFileReference; lastKnownFileType = sourcecode.swift; path = MovieDetailViewController.swift; sourceTree = "<group>"; };
		AF58B7178A50C703E02C5316 /* Pods-IMDB ViewerTests.release.xcconfig */ = {isa = PBXFileReference; includeInIndex = 1; lastKnownFileType = text.xcconfig; name = "Pods-IMDB ViewerTests.release.xcconfig"; path = "Pods/Target Support Files/Pods-IMDB ViewerTests/Pods-IMDB ViewerTests.release.xcconfig"; sourceTree = "<group>"; };
		B1FA471723E74122AA1308C4 /* Pods-IMDB ViewerTests.debug.xcconfig */ = {isa = PBXFileReference; includeInIndex = 1; lastKnownFileType = text.xcconfig; name = "Pods-IMDB ViewerTests.debug.xcconfig"; path = "Pods/Target Support Files/Pods-IMDB ViewerTests/Pods-IMDB ViewerTests.debug.xcconfig"; sourceTree = "<group>"; };
		C5016FBA09BA9FFEE13566B4 /* Pods_IMDB_ViewerUITests.framework */ = {isa = PBXFileReference; explicitFileType = wrapper.framework; includeInIndex = 0; path = Pods_IMDB_ViewerUITests.framework; sourceTree = BUILT_PRODUCTS_DIR; };
		F5CFA05A24B429C589F773FD /* Pods-IMDB Viewer.debug.xcconfig */ = {isa = PBXFileReference; includeInIndex = 1; lastKnownFileType = text.xcconfig; name = "Pods-IMDB Viewer.debug.xcconfig"; path = "Pods/Target Support Files/Pods-IMDB Viewer/Pods-IMDB Viewer.debug.xcconfig"; sourceTree = "<group>"; };
/* End PBXFileReference section */

/* Begin PBXFrameworksBuildPhase section */
		7F47D3DB20C34CB800E09D9C /* Frameworks */ = {
			isa = PBXFrameworksBuildPhase;
			buildActionMask = 2147483647;
			files = (
				7547EEDC99AA352DA0B6C6B4 /* Pods_IMDB_Viewer.framework in Frameworks */,
			);
			runOnlyForDeploymentPostprocessing = 0;
		};
		7F47D3EF20C34CBD00E09D9C /* Frameworks */ = {
			isa = PBXFrameworksBuildPhase;
			buildActionMask = 2147483647;
			files = (
				8026CAD505B929F07FD5D4B1 /* Pods_IMDB_ViewerTests.framework in Frameworks */,
			);
			runOnlyForDeploymentPostprocessing = 0;
		};
		7F47D3FA20C34CBD00E09D9C /* Frameworks */ = {
			isa = PBXFrameworksBuildPhase;
			buildActionMask = 2147483647;
			files = (
				7FAFE7099F3D7C3FB78E9BED /* Pods_IMDB_ViewerUITests.framework in Frameworks */,
			);
			runOnlyForDeploymentPostprocessing = 0;
		};
/* End PBXFrameworksBuildPhase section */

/* Begin PBXGroup section */
		0A39A194407E40D5F45CDBE0 /* Frameworks */ = {
			isa = PBXGroup;
			children = (
				5C7EE3D2D55128602D3867C5 /* Pods_IMDB_Viewer.framework */,
				7A1CA8C189AFFC9EBB9B8E8B /* Pods_IMDB_ViewerTests.framework */,
				C5016FBA09BA9FFEE13566B4 /* Pods_IMDB_ViewerUITests.framework */,
			);
			name = Frameworks;
			sourceTree = "<group>";
		};
		487DB3852FD861A66035C57D /* Pods */ = {
			isa = PBXGroup;
			children = (
				F5CFA05A24B429C589F773FD /* Pods-IMDB Viewer.debug.xcconfig */,
				0769268B4B1730DA1EB1753D /* Pods-IMDB Viewer.release.xcconfig */,
				B1FA471723E74122AA1308C4 /* Pods-IMDB ViewerTests.debug.xcconfig */,
				AF58B7178A50C703E02C5316 /* Pods-IMDB ViewerTests.release.xcconfig */,
				74F59FA36E2FCB5B9A015A00 /* Pods-IMDB ViewerUITests.debug.xcconfig */,
				15FF227FBC9F2D95ADC39715 /* Pods-IMDB ViewerUITests.release.xcconfig */,
			);
			name = Pods;
			sourceTree = "<group>";
		};
		7F47D3D520C34CB800E09D9C = {
			isa = PBXGroup;
			children = (
				7F47D3E020C34CB800E09D9C /* IMDB Viewer */,
				7F47D3F520C34CBD00E09D9C /* IMDB ViewerTests */,
				7F47D40020C34CBD00E09D9C /* IMDB ViewerUITests */,
				7F47D3DF20C34CB800E09D9C /* Products */,
				487DB3852FD861A66035C57D /* Pods */,
				0A39A194407E40D5F45CDBE0 /* Frameworks */,
			);
			sourceTree = "<group>";
		};
		7F47D3DF20C34CB800E09D9C /* Products */ = {
			isa = PBXGroup;
			children = (
				7F47D3DE20C34CB800E09D9C /* IMDB Viewer.app */,
				7F47D3F220C34CBD00E09D9C /* IMDB ViewerTests.xctest */,
				7F47D3FD20C34CBD00E09D9C /* IMDB ViewerUITests.xctest */,
			);
			name = Products;
			sourceTree = "<group>";
		};
		7F47D3E020C34CB800E09D9C /* IMDB Viewer */ = {
			isa = PBXGroup;
			children = (
				7FE52AA5220A8C3100CBF3B6 /* ViewModels */,
				7FA9530F20C4C7B300BF59AB /* Main */,
				7F8C0ED820C397CB00C4D75A /* Models */,
				7F8C0ED720C3976600C4D75A /* Networking */,
				7FA9530B20C4C0EC00BF59AB /* Views */,
			);
			path = "IMDB Viewer";
			sourceTree = "<group>";
		};
		7F47D3F520C34CBD00E09D9C /* IMDB ViewerTests */ = {
			isa = PBXGroup;
			children = (
				7F47D3F620C34CBD00E09D9C /* IMDB_ViewerTests.swift */,
				7F47D3F820C34CBD00E09D9C /* Info.plist */,
			);
			path = "IMDB ViewerTests";
			sourceTree = "<group>";
		};
		7F47D40020C34CBD00E09D9C /* IMDB ViewerUITests */ = {
			isa = PBXGroup;
			children = (
				7F47D40120C34CBD00E09D9C /* IMDB_ViewerUITests.swift */,
				7F47D40320C34CBD00E09D9C /* Info.plist */,
			);
			path = "IMDB ViewerUITests";
			sourceTree = "<group>";
		};
		7F8C0ED720C3976600C4D75A /* Networking */ = {
			isa = PBXGroup;
			children = (
				7F5E579C220A72A800ED3E4E /* DataResponseError.swift */,
				7F5E57A2220A72AA00ED3E4E /* HTTPURLResponse.swift */,
				7F5E579F220A72A900ED3E4E /* MoviesRequest.swift */,
				7F5E579E220A72A800ED3E4E /* Result.swift */,
				7F5E57A1220A72A900ED3E4E /* MovieRequestClient.swift */,
				7F5E579D220A72A800ED3E4E /* URLRequest.swift */,
			);
			path = Networking;
			sourceTree = "<group>";
		};
		7F8C0ED820C397CB00C4D75A /* Models */ = {
			isa = PBXGroup;
			children = (
				7F8C0ED520C38C4E00C4D75A /* Movie.swift */,
				7F5E579A220A709700ED3E4E /* MoviesResponse.swift */,
			);
			path = Models;
			sourceTree = "<group>";
		};
		7FA9530A20C4C0E100BF59AB /* ViewControllers */ = {
			isa = PBXGroup;
			children = (
				7F47D3E320C34CB800E09D9C /* MainViewController.swift */,
				7FA9531C20C5051200BF59AB /* MovieDetailViewController.swift */,
			);
			path = ViewControllers;
			sourceTree = "<group>";
		};
		7FA9530B20C4C0EC00BF59AB /* Views */ = {
			isa = PBXGroup;
			children = (
				7FA9530A20C4C0E100BF59AB /* ViewControllers */,
				7F47D3E520C34CB800E09D9C /* Main.storyboard */,
				7FA9530C20C4C11D00BF59AB /* MovieTableViewCell.swift */,
			);
			path = Views;
			sourceTree = "<group>";
		};
		7FA9530E20C4C12E00BF59AB /* AppDelegate */ = {
			isa = PBXGroup;
			children = (
				7F47D3E120C34CB800E09D9C /* AppDelegate.swift */,
			);
			path = AppDelegate;
			sourceTree = "<group>";
		};
		7FA9530F20C4C7B300BF59AB /* Main */ = {
			isa = PBXGroup;
			children = (
				7FA9531920C4CBC800BF59AB /* Views */,
				7FA9531820C4CBA800BF59AB /* Resources */,
				7FA9531020C4C7C100BF59AB /* Supporting Files */,
				7FA9530E20C4C12E00BF59AB /* AppDelegate */,
			);
			path = Main;
			sourceTree = "<group>";
		};
		7FA9531020C4C7C100BF59AB /* Supporting Files */ = {
			isa = PBXGroup;
			children = (
				7FA9531120C4C7E600BF59AB /* ServerEnvironments.plist */,
			);
			path = "Supporting Files";
			sourceTree = "<group>";
		};
		7FA9531820C4CBA800BF59AB /* Resources */ = {
			isa = PBXGroup;
			children = (
				7F47D3ED20C34CBC00E09D9C /* Info.plist */,
				7F47D3E820C34CBC00E09D9C /* Assets.xcassets */,
			);
			path = Resources;
			sourceTree = "<group>";
		};
		7FA9531920C4CBC800BF59AB /* Views */ = {
			isa = PBXGroup;
			children = (
				7F47D3EA20C34CBC00E09D9C /* LaunchScreen.storyboard */,
			);
			path = Views;
			sourceTree = "<group>";
		};
		7FE52AA5220A8C3100CBF3B6 /* ViewModels */ = {
			isa = PBXGroup;
			children = (
				7F5E57AA220A786C00ED3E4E /* MoviesViewModel.swift */,
			);
			path = ViewModels;
			sourceTree = "<group>";
		};
/* End PBXGroup section */

/* Begin PBXNativeTarget section */
		7F47D3DD20C34CB800E09D9C /* IMDB Viewer */ = {
			isa = PBXNativeTarget;
			buildConfigurationList = 7F47D40620C34CBD00E09D9C /* Build configuration list for PBXNativeTarget "IMDB Viewer" */;
			buildPhases = (
				B94EC1CD708E4D302121C363 /* [CP] Check Pods Manifest.lock */,
				7F47D3DA20C34CB800E09D9C /* Sources */,
				7F47D3DB20C34CB800E09D9C /* Frameworks */,
				7F47D3DC20C34CB800E09D9C /* Resources */,
				D14248524BCD5DF235197D2D /* [CP] Embed Pods Frameworks */,
				7FE52AA6220A9A5700CBF3B6 /* ShellScript */,
			);
			buildRules = (
			);
			dependencies = (
			);
			name = "IMDB Viewer";
			productName = "IMDB Viewer";
			productReference = 7F47D3DE20C34CB800E09D9C /* IMDB Viewer.app */;
			productType = "com.apple.product-type.application";
		};
		7F47D3F120C34CBD00E09D9C /* IMDB ViewerTests */ = {
			isa = PBXNativeTarget;
			buildConfigurationList = 7F47D40920C34CBD00E09D9C /* Build configuration list for PBXNativeTarget "IMDB ViewerTests" */;
			buildPhases = (
				4C2AD6EA882C144DA7CFE433 /* [CP] Check Pods Manifest.lock */,
				7F47D3EE20C34CBD00E09D9C /* Sources */,
				7F47D3EF20C34CBD00E09D9C /* Frameworks */,
				7F47D3F020C34CBD00E09D9C /* Resources */,
			);
			buildRules = (
			);
			dependencies = (
				7F47D3F420C34CBD00E09D9C /* PBXTargetDependency */,
			);
			name = "IMDB ViewerTests";
			productName = "IMDB ViewerTests";
			productReference = 7F47D3F220C34CBD00E09D9C /* IMDB ViewerTests.xctest */;
			productType = "com.apple.product-type.bundle.unit-test";
		};
		7F47D3FC20C34CBD00E09D9C /* IMDB ViewerUITests */ = {
			isa = PBXNativeTarget;
			buildConfigurationList = 7F47D40C20C34CBD00E09D9C /* Build configuration list for PBXNativeTarget "IMDB ViewerUITests" */;
			buildPhases = (
				28B952B5E7B128802C6F7824 /* [CP] Check Pods Manifest.lock */,
				7F47D3F920C34CBD00E09D9C /* Sources */,
				7F47D3FA20C34CBD00E09D9C /* Frameworks */,
				7F47D3FB20C34CBD00E09D9C /* Resources */,
			);
			buildRules = (
			);
			dependencies = (
				7F47D3FF20C34CBD00E09D9C /* PBXTargetDependency */,
			);
			name = "IMDB ViewerUITests";
			productName = "IMDB ViewerUITests";
			productReference = 7F47D3FD20C34CBD00E09D9C /* IMDB ViewerUITests.xctest */;
			productType = "com.apple.product-type.bundle.ui-testing";
		};
/* End PBXNativeTarget section */

/* Begin PBXProject section */
		7F47D3D620C34CB800E09D9C /* Project object */ = {
			isa = PBXProject;
			attributes = {
				LastSwiftUpdateCheck = 0940;
				LastUpgradeCheck = 0940;
				ORGANIZATIONNAME = "Juan Pablo Lazcano Candia";
				TargetAttributes = {
					7F47D3DD20C34CB800E09D9C = {
						CreatedOnToolsVersion = 9.4;
						LastSwiftMigration = 1010;
					};
					7F47D3F120C34CBD00E09D9C = {
						CreatedOnToolsVersion = 9.4;
						LastSwiftMigration = 1010;
						TestTargetID = 7F47D3DD20C34CB800E09D9C;
					};
					7F47D3FC20C34CBD00E09D9C = {
						CreatedOnToolsVersion = 9.4;
						LastSwiftMigration = 1010;
						TestTargetID = 7F47D3DD20C34CB800E09D9C;
					};
				};
			};
			buildConfigurationList = 7F47D3D920C34CB800E09D9C /* Build configuration list for PBXProject "IMDB Viewer" */;
			compatibilityVersion = "Xcode 9.3";
			developmentRegion = en;
			hasScannedForEncodings = 0;
			knownRegions = (
				en,
				Base,
			);
			mainGroup = 7F47D3D520C34CB800E09D9C;
			productRefGroup = 7F47D3DF20C34CB800E09D9C /* Products */;
			projectDirPath = "";
			projectRoot = "";
			targets = (
				7F47D3DD20C34CB800E09D9C /* IMDB Viewer */,
				7F47D3F120C34CBD00E09D9C /* IMDB ViewerTests */,
				7F47D3FC20C34CBD00E09D9C /* IMDB ViewerUITests */,
			);
		};
/* End PBXProject section */

/* Begin PBXResourcesBuildPhase section */
		7F47D3DC20C34CB800E09D9C /* Resources */ = {
			isa = PBXResourcesBuildPhase;
			buildActionMask = 2147483647;
			files = (
				7F47D3EC20C34CBC00E09D9C /* LaunchScreen.storyboard in Resources */,
				7FA9531220C4C7E600BF59AB /* ServerEnvironments.plist in Resources */,
				7F47D3E920C34CBC00E09D9C /* Assets.xcassets in Resources */,
				7F47D3E720C34CB800E09D9C /* Main.storyboard in Resources */,
			);
			runOnlyForDeploymentPostprocessing = 0;
		};
		7F47D3F020C34CBD00E09D9C /* Resources */ = {
			isa = PBXResourcesBuildPhase;
			buildActionMask = 2147483647;
			files = (
			);
			runOnlyForDeploymentPostprocessing = 0;
		};
		7F47D3FB20C34CBD00E09D9C /* Resources */ = {
			isa = PBXResourcesBuildPhase;
			buildActionMask = 2147483647;
			files = (
			);
			runOnlyForDeploymentPostprocessing = 0;
		};
/* End PBXResourcesBuildPhase section */

/* Begin PBXShellScriptBuildPhase section */
		28B952B5E7B128802C6F7824 /* [CP] Check Pods Manifest.lock */ = {
			isa = PBXShellScriptBuildPhase;
			buildActionMask = 2147483647;
			files = (
			);
			inputFileListPaths = (
			);
			inputPaths = (
				"${PODS_PODFILE_DIR_PATH}/Podfile.lock",
				"${PODS_ROOT}/Manifest.lock",
			);
			name = "[CP] Check Pods Manifest.lock";
			outputFileListPaths = (
			);
			outputPaths = (
				"$(DERIVED_FILE_DIR)/Pods-IMDB ViewerUITests-checkManifestLockResult.txt",
			);
			runOnlyForDeploymentPostprocessing = 0;
			shellPath = /bin/sh;
			shellScript = "diff \"${PODS_PODFILE_DIR_PATH}/Podfile.lock\" \"${PODS_ROOT}/Manifest.lock\" > /dev/null\nif [ $? != 0 ] ; then\n    # print error to STDERR\n    echo \"error: The sandbox is not in sync with the Podfile.lock. Run 'pod install' or update your CocoaPods installation.\" >&2\n    exit 1\nfi\n# This output is used by Xcode 'outputs' to avoid re-running this script phase.\necho \"SUCCESS\" > \"${SCRIPT_OUTPUT_FILE_0}\"\n";
			showEnvVarsInLog = 0;
		};
		4C2AD6EA882C144DA7CFE433 /* [CP] Check Pods Manifest.lock */ = {
			isa = PBXShellScriptBuildPhase;
			buildActionMask = 2147483647;
			files = (
			);
			inputFileListPaths = (
			);
			inputPaths = (
				"${PODS_PODFILE_DIR_PATH}/Podfile.lock",
				"${PODS_ROOT}/Manifest.lock",
			);
			name = "[CP] Check Pods Manifest.lock";
			outputFileListPaths = (
			);
			outputPaths = (
				"$(DERIVED_FILE_DIR)/Pods-IMDB ViewerTests-checkManifestLockResult.txt",
			);
			runOnlyForDeploymentPostprocessing = 0;
			shellPath = /bin/sh;
			shellScript = "diff \"${PODS_PODFILE_DIR_PATH}/Podfile.lock\" \"${PODS_ROOT}/Manifest.lock\" > /dev/null\nif [ $? != 0 ] ; then\n    # print error to STDERR\n    echo \"error: The sandbox is not in sync with the Podfile.lock. Run 'pod install' or update your CocoaPods installation.\" >&2\n    exit 1\nfi\n# This output is used by Xcode 'outputs' to avoid re-running this script phase.\necho \"SUCCESS\" > \"${SCRIPT_OUTPUT_FILE_0}\"\n";
			showEnvVarsInLog = 0;
		};
		7FE52AA6220A9A5700CBF3B6 /* ShellScript */ = {
			isa = PBXShellScriptBuildPhase;
			buildActionMask = 2147483647;
			files = (
			);
			inputFileListPaths = (
			);
			inputPaths = (
			);
			outputFileListPaths = (
			);
			outputPaths = (
			);
			runOnlyForDeploymentPostprocessing = 0;
			shellPath = /bin/sh;
			shellScript = "if which swiftlint >/dev/null; then\nswiftlint\nelse\necho \"warning: SwiftLint not installed, download from https://github.com/realm/SwiftLint\"\nfi\n";
		};
		B94EC1CD708E4D302121C363 /* [CP] Check Pods Manifest.lock */ = {
			isa = PBXShellScriptBuildPhase;
			buildActionMask = 2147483647;
			files = (
			);
			inputFileListPaths = (
			);
			inputPaths = (
				"${PODS_PODFILE_DIR_PATH}/Podfile.lock",
				"${PODS_ROOT}/Manifest.lock",
			);
			name = "[CP] Check Pods Manifest.lock";
			outputFileListPaths = (
			);
			outputPaths = (
				"$(DERIVED_FILE_DIR)/Pods-IMDB Viewer-checkManifestLockResult.txt",
			);
			runOnlyForDeploymentPostprocessing = 0;
			shellPath = /bin/sh;
			shellScript = "diff \"${PODS_PODFILE_DIR_PATH}/Podfile.lock\" \"${PODS_ROOT}/Manifest.lock\" > /dev/null\nif [ $? != 0 ] ; then\n    # print error to STDERR\n    echo \"error: The sandbox is not in sync with the Podfile.lock. Run 'pod install' or update your CocoaPods installation.\" >&2\n    exit 1\nfi\n# This output is used by Xcode 'outputs' to avoid re-running this script phase.\necho \"SUCCESS\" > \"${SCRIPT_OUTPUT_FILE_0}\"\n";
			showEnvVarsInLog = 0;
		};
		D14248524BCD5DF235197D2D /* [CP] Embed Pods Frameworks */ = {
			isa = PBXShellScriptBuildPhase;
			buildActionMask = 2147483647;
			files = (
			);
			inputFileListPaths = (
			);
			inputPaths = (
				"${SRCROOT}/Pods/Target Support Files/Pods-IMDB Viewer/Pods-IMDB Viewer-frameworks.sh",
				"${BUILT_PRODUCTS_DIR}/SDWebImage/SDWebImage.framework",
			);
			name = "[CP] Embed Pods Frameworks";
			outputFileListPaths = (
			);
			outputPaths = (
				"${TARGET_BUILD_DIR}/${FRAMEWORKS_FOLDER_PATH}/SDWebImage.framework",
			);
			runOnlyForDeploymentPostprocessing = 0;
			shellPath = /bin/sh;
			shellScript = "\"${SRCROOT}/Pods/Target Support Files/Pods-IMDB Viewer/Pods-IMDB Viewer-frameworks.sh\"\n";
			showEnvVarsInLog = 0;
		};
/* End PBXShellScriptBuildPhase section */

/* Begin PBXSourcesBuildPhase section */
		7F47D3DA20C34CB800E09D9C /* Sources */ = {
			isa = PBXSourcesBuildPhase;
			buildActionMask = 2147483647;
			files = (
				7F5E57A5220A72AA00ED3E4E /* Result.swift in Sources */,
				7F47D3E420C34CB800E09D9C /* MainViewController.swift in Sources */,
				7F5E57A6220A72AA00ED3E4E /* MoviesRequest.swift in Sources */,
				7F5E579B220A709700ED3E4E /* MoviesResponse.swift in Sources */,
				7F5E57A4220A72AA00ED3E4E /* URLRequest.swift in Sources */,
				7F5E57A9220A72AA00ED3E4E /* HTTPURLResponse.swift in Sources */,
				7FA9530D20C4C11D00BF59AB /* MovieTableViewCell.swift in Sources */,
				7F5E57A3220A72AA00ED3E4E /* DataResponseError.swift in Sources */,
				7F47D3E220C34CB800E09D9C /* AppDelegate.swift in Sources */,
				7F5E57A8220A72AA00ED3E4E /* MovieRequestClient.swift in Sources */,
				7F5E57AB220A786C00ED3E4E /* MoviesViewModel.swift in Sources */,
				7FA9531D20C5051200BF59AB /* MovieDetailViewController.swift in Sources */,
				7F8C0ED620C38C4E00C4D75A /* Movie.swift in Sources */,
			);
			runOnlyForDeploymentPostprocessing = 0;
		};
		7F47D3EE20C34CBD00E09D9C /* Sources */ = {
			isa = PBXSourcesBuildPhase;
			buildActionMask = 2147483647;
			files = (
				7F47D3F720C34CBD00E09D9C /* IMDB_ViewerTests.swift in Sources */,
			);
			runOnlyForDeploymentPostprocessing = 0;
		};
		7F47D3F920C34CBD00E09D9C /* Sources */ = {
			isa = PBXSourcesBuildPhase;
			buildActionMask = 2147483647;
			files = (
				7F47D40220C34CBD00E09D9C /* IMDB_ViewerUITests.swift in Sources */,
			);
			runOnlyForDeploymentPostprocessing = 0;
		};
/* End PBXSourcesBuildPhase section */

/* Begin PBXTargetDependency section */
		7F47D3F420C34CBD00E09D9C /* PBXTargetDependency */ = {
			isa = PBXTargetDependency;
			target = 7F47D3DD20C34CB800E09D9C /* IMDB Viewer */;
			targetProxy = 7F47D3F320C34CBD00E09D9C /* PBXContainerItemProxy */;
		};
		7F47D3FF20C34CBD00E09D9C /* PBXTargetDependency */ = {
			isa = PBXTargetDependency;
			target = 7F47D3DD20C34CB800E09D9C /* IMDB Viewer */;
			targetProxy = 7F47D3FE20C34CBD00E09D9C /* PBXContainerItemProxy */;
		};
/* End PBXTargetDependency section */

/* Begin PBXVariantGroup section */
		7F47D3E520C34CB800E09D9C /* Main.storyboard */ = {
			isa = PBXVariantGroup;
			children = (
				7F47D3E620C34CB800E09D9C /* Base */,
			);
			name = Main.storyboard;
			sourceTree = "<group>";
		};
		7F47D3EA20C34CBC00E09D9C /* LaunchScreen.storyboard */ = {
			isa = PBXVariantGroup;
			children = (
				7F47D3EB20C34CBC00E09D9C /* Base */,
			);
			name = LaunchScreen.storyboard;
			sourceTree = "<group>";
		};
/* End PBXVariantGroup section */

/* Begin XCBuildConfiguration section */
		7F47D40420C34CBD00E09D9C /* Debug */ = {
			isa = XCBuildConfiguration;
			buildSettings = {
				ALWAYS_SEARCH_USER_PATHS = NO;
				CLANG_ANALYZER_NONNULL = YES;
				CLANG_ANALYZER_NUMBER_OBJECT_CONVERSION = YES_AGGRESSIVE;
				CLANG_CXX_LANGUAGE_STANDARD = "gnu++14";
				CLANG_CXX_LIBRARY = "libc++";
				CLANG_ENABLE_MODULES = YES;
				CLANG_ENABLE_OBJC_ARC = YES;
				CLANG_ENABLE_OBJC_WEAK = YES;
				CLANG_WARN_BLOCK_CAPTURE_AUTORELEASING = YES;
				CLANG_WARN_BOOL_CONVERSION = YES;
				CLANG_WARN_COMMA = YES;
				CLANG_WARN_CONSTANT_CONVERSION = YES;
				CLANG_WARN_DEPRECATED_OBJC_IMPLEMENTATIONS = YES;
				CLANG_WARN_DIRECT_OBJC_ISA_USAGE = YES_ERROR;
				CLANG_WARN_DOCUMENTATION_COMMENTS = YES;
				CLANG_WARN_EMPTY_BODY = YES;
				CLANG_WARN_ENUM_CONVERSION = YES;
				CLANG_WARN_INFINITE_RECURSION = YES;
				CLANG_WARN_INT_CONVERSION = YES;
				CLANG_WARN_NON_LITERAL_NULL_CONVERSION = YES;
				CLANG_WARN_OBJC_IMPLICIT_RETAIN_SELF = YES;
				CLANG_WARN_OBJC_LITERAL_CONVERSION = YES;
				CLANG_WARN_OBJC_ROOT_CLASS = YES_ERROR;
				CLANG_WARN_RANGE_LOOP_ANALYSIS = YES;
				CLANG_WARN_STRICT_PROTOTYPES = YES;
				CLANG_WARN_SUSPICIOUS_MOVE = YES;
				CLANG_WARN_UNGUARDED_AVAILABILITY = YES_AGGRESSIVE;
				CLANG_WARN_UNREACHABLE_CODE = YES;
				CLANG_WARN__DUPLICATE_METHOD_MATCH = YES;
				CODE_SIGN_IDENTITY = "iPhone Developer";
				COPY_PHASE_STRIP = NO;
				DEBUG_INFORMATION_FORMAT = dwarf;
				ENABLE_STRICT_OBJC_MSGSEND = YES;
				ENABLE_TESTABILITY = YES;
				GCC_C_LANGUAGE_STANDARD = gnu11;
				GCC_DYNAMIC_NO_PIC = NO;
				GCC_NO_COMMON_BLOCKS = YES;
				GCC_OPTIMIZATION_LEVEL = 0;
				GCC_PREPROCESSOR_DEFINITIONS = (
					"DEBUG=1",
					"$(inherited)",
				);
				GCC_WARN_64_TO_32_BIT_CONVERSION = YES;
				GCC_WARN_ABOUT_RETURN_TYPE = YES_ERROR;
				GCC_WARN_UNDECLARED_SELECTOR = YES;
				GCC_WARN_UNINITIALIZED_AUTOS = YES_AGGRESSIVE;
				GCC_WARN_UNUSED_FUNCTION = YES;
				GCC_WARN_UNUSED_VARIABLE = YES;
				IPHONEOS_DEPLOYMENT_TARGET = 11.4;
				MTL_ENABLE_DEBUG_INFO = YES;
				ONLY_ACTIVE_ARCH = YES;
				SDKROOT = iphoneos;
				SWIFT_ACTIVE_COMPILATION_CONDITIONS = DEBUG;
				SWIFT_OPTIMIZATION_LEVEL = "-Onone";
			};
			name = Debug;
		};
		7F47D40520C34CBD00E09D9C /* Release */ = {
			isa = XCBuildConfiguration;
			buildSettings = {
				ALWAYS_SEARCH_USER_PATHS = NO;
				CLANG_ANALYZER_NONNULL = YES;
				CLANG_ANALYZER_NUMBER_OBJECT_CONVERSION = YES_AGGRESSIVE;
				CLANG_CXX_LANGUAGE_STANDARD = "gnu++14";
				CLANG_CXX_LIBRARY = "libc++";
				CLANG_ENABLE_MODULES = YES;
				CLANG_ENABLE_OBJC_ARC = YES;
				CLANG_ENABLE_OBJC_WEAK = YES;
				CLANG_WARN_BLOCK_CAPTURE_AUTORELEASING = YES;
				CLANG_WARN_BOOL_CONVERSION = YES;
				CLANG_WARN_COMMA = YES;
				CLANG_WARN_CONSTANT_CONVERSION = YES;
				CLANG_WARN_DEPRECATED_OBJC_IMPLEMENTATIONS = YES;
				CLANG_WARN_DIRECT_OBJC_ISA_USAGE = YES_ERROR;
				CLANG_WARN_DOCUMENTATION_COMMENTS = YES;
				CLANG_WARN_EMPTY_BODY = YES;
				CLANG_WARN_ENUM_CONVERSION = YES;
				CLANG_WARN_INFINITE_RECURSION = YES;
				CLANG_WARN_INT_CONVERSION = YES;
				CLANG_WARN_NON_LITERAL_NULL_CONVERSION = YES;
				CLANG_WARN_OBJC_IMPLICIT_RETAIN_SELF = YES;
				CLANG_WARN_OBJC_LITERAL_CONVERSION = YES;
				CLANG_WARN_OBJC_ROOT_CLASS = YES_ERROR;
				CLANG_WARN_RANGE_LOOP_ANALYSIS = YES;
				CLANG_WARN_STRICT_PROTOTYPES = YES;
				CLANG_WARN_SUSPICIOUS_MOVE = YES;
				CLANG_WARN_UNGUARDED_AVAILABILITY = YES_AGGRESSIVE;
				CLANG_WARN_UNREACHABLE_CODE = YES;
				CLANG_WARN__DUPLICATE_METHOD_MATCH = YES;
				CODE_SIGN_IDENTITY = "iPhone Developer";
				COPY_PHASE_STRIP = NO;
				DEBUG_INFORMATION_FORMAT = "dwarf-with-dsym";
				ENABLE_NS_ASSERTIONS = NO;
				ENABLE_STRICT_OBJC_MSGSEND = YES;
				GCC_C_LANGUAGE_STANDARD = gnu11;
				GCC_NO_COMMON_BLOCKS = YES;
				GCC_WARN_64_TO_32_BIT_CONVERSION = YES;
				GCC_WARN_ABOUT_RETURN_TYPE = YES_ERROR;
				GCC_WARN_UNDECLARED_SELECTOR = YES;
				GCC_WARN_UNINITIALIZED_AUTOS = YES_AGGRESSIVE;
				GCC_WARN_UNUSED_FUNCTION = YES;
				GCC_WARN_UNUSED_VARIABLE = YES;
				IPHONEOS_DEPLOYMENT_TARGET = 11.4;
				MTL_ENABLE_DEBUG_INFO = NO;
				SDKROOT = iphoneos;
				SWIFT_COMPILATION_MODE = wholemodule;
				SWIFT_OPTIMIZATION_LEVEL = "-O";
				VALIDATE_PRODUCT = YES;
			};
			name = Release;
		};
		7F47D40720C34CBD00E09D9C /* Debug */ = {
			isa = XCBuildConfiguration;
			baseConfigurationReference = F5CFA05A24B429C589F773FD /* Pods-IMDB Viewer.debug.xcconfig */;
			buildSettings = {
				ASSETCATALOG_COMPILER_APPICON_NAME = AppIcon;
				CODE_SIGN_STYLE = Automatic;
				DEVELOPMENT_TEAM = YGFMJB6G99;
				INFOPLIST_FILE = "$(SRCROOT)/IMDB Viewer/Main/Resources/Info.plist";
				IPHONEOS_DEPLOYMENT_TARGET = 11.0;
				LD_RUNPATH_SEARCH_PATHS = (
					"$(inherited)",
					"@executable_path/Frameworks",
				);
				PRODUCT_BUNDLE_IDENTIFIER = "com.jplc.imdb.IMDB-Viewer";
				PRODUCT_NAME = "$(TARGET_NAME)";
				SWIFT_VERSION = 4.2;
				TARGETED_DEVICE_FAMILY = 1;
			};
			name = Debug;
		};
		7F47D40820C34CBD00E09D9C /* Release */ = {
			isa = XCBuildConfiguration;
			baseConfigurationReference = 0769268B4B1730DA1EB1753D /* Pods-IMDB Viewer.release.xcconfig */;
			buildSettings = {
				ASSETCATALOG_COMPILER_APPICON_NAME = AppIcon;
				CODE_SIGN_STYLE = Automatic;
				DEVELOPMENT_TEAM = YGFMJB6G99;
				INFOPLIST_FILE = "$(SRCROOT)/IMDB Viewer/Main/Resources/Info.plist";
				IPHONEOS_DEPLOYMENT_TARGET = 11.0;
				LD_RUNPATH_SEARCH_PATHS = (
					"$(inherited)",
					"@executable_path/Frameworks",
				);
				PRODUCT_BUNDLE_IDENTIFIER = "com.jplc.imdb.IMDB-Viewer";
				PRODUCT_NAME = "$(TARGET_NAME)";
				SWIFT_VERSION = 4.2;
				TARGETED_DEVICE_FAMILY = 1;
			};
			name = Release;
		};
		7F47D40A20C34CBD00E09D9C /* Debug */ = {
			isa = XCBuildConfiguration;
			baseConfigurationReference = B1FA471723E74122AA1308C4 /* Pods-IMDB ViewerTests.debug.xcconfig */;
			buildSettings = {
				ALWAYS_EMBED_SWIFT_STANDARD_LIBRARIES = YES;
				BUNDLE_LOADER = "$(TEST_HOST)";
				CODE_SIGN_STYLE = Automatic;
				DEVELOPMENT_TEAM = YGFMJB6G99;
				INFOPLIST_FILE = "IMDB ViewerTests/Info.plist";
				LD_RUNPATH_SEARCH_PATHS = (
					"$(inherited)",
					"@executable_path/Frameworks",
					"@loader_path/Frameworks",
				);
				PRODUCT_BUNDLE_IDENTIFIER = "com.jplc.imdb.IMDB-ViewerTests";
				PRODUCT_NAME = "$(TARGET_NAME)";
				SWIFT_VERSION = 4.2;
				TARGETED_DEVICE_FAMILY = "1,2";
				TEST_HOST = "$(BUILT_PRODUCTS_DIR)/IMDB Viewer.app/IMDB Viewer";
			};
			name = Debug;
		};
		7F47D40B20C34CBD00E09D9C /* Release */ = {
			isa = XCBuildConfiguration;
			baseConfigurationReference = AF58B7178A50C703E02C5316 /* Pods-IMDB ViewerTests.release.xcconfig */;
			buildSettings = {
				ALWAYS_EMBED_SWIFT_STANDARD_LIBRARIES = YES;
				BUNDLE_LOADER = "$(TEST_HOST)";
				CODE_SIGN_STYLE = Automatic;
				DEVELOPMENT_TEAM = YGFMJB6G99;
				INFOPLIST_FILE = "IMDB ViewerTests/Info.plist";
				LD_RUNPATH_SEARCH_PATHS = (
					"$(inherited)",
					"@executable_path/Frameworks",
					"@loader_path/Frameworks",
				);
				PRODUCT_BUNDLE_IDENTIFIER = "com.jplc.imdb.IMDB-ViewerTests";
				PRODUCT_NAME = "$(TARGET_NAME)";
				SWIFT_VERSION = 4.2;
				TARGETED_DEVICE_FAMILY = "1,2";
				TEST_HOST = "$(BUILT_PRODUCTS_DIR)/IMDB Viewer.app/IMDB Viewer";
			};
			name = Release;
		};
		7F47D40D20C34CBD00E09D9C /* Debug */ = {
			isa = XCBuildConfiguration;
			baseConfigurationReference = 74F59FA36E2FCB5B9A015A00 /* Pods-IMDB ViewerUITests.debug.xcconfig */;
			buildSettings = {
				ALWAYS_EMBED_SWIFT_STANDARD_LIBRARIES = YES;
				CODE_SIGN_STYLE = Automatic;
				DEVELOPMENT_TEAM = YGFMJB6G99;
				INFOPLIST_FILE = "IMDB ViewerUITests/Info.plist";
				LD_RUNPATH_SEARCH_PATHS = (
					"$(inherited)",
					"@executable_path/Frameworks",
					"@loader_path/Frameworks",
				);
				PRODUCT_BUNDLE_IDENTIFIER = "com.jplc.imdb.IMDB-ViewerUITests";
				PRODUCT_NAME = "$(TARGET_NAME)";
				SWIFT_VERSION = 4.2;
				TARGETED_DEVICE_FAMILY = "1,2";
				TEST_TARGET_NAME = "IMDB Viewer";
			};
			name = Debug;
		};
		7F47D40E20C34CBD00E09D9C /* Release */ = {
			isa = XCBuildConfiguration;
			baseConfigurationReference = 15FF227FBC9F2D95ADC39715 /* Pods-IMDB ViewerUITests.release.xcconfig */;
			buildSettings = {
				ALWAYS_EMBED_SWIFT_STANDARD_LIBRARIES = YES;
				CODE_SIGN_STYLE = Automatic;
				DEVELOPMENT_TEAM = YGFMJB6G99;
				INFOPLIST_FILE = "IMDB ViewerUITests/Info.plist";
				LD_RUNPATH_SEARCH_PATHS = (
					"$(inherited)",
					"@executable_path/Frameworks",
					"@loader_path/Frameworks",
				);
				PRODUCT_BUNDLE_IDENTIFIER = "com.jplc.imdb.IMDB-ViewerUITests";
				PRODUCT_NAME = "$(TARGET_NAME)";
				SWIFT_VERSION = 4.2;
				TARGETED_DEVICE_FAMILY = "1,2";
				TEST_TARGET_NAME = "IMDB Viewer";
			};
			name = Release;
		};
/* End XCBuildConfiguration section */

/* Begin XCConfigurationList section */
		7F47D3D920C34CB800E09D9C /* Build configuration list for PBXProject "IMDB Viewer" */ = {
			isa = XCConfigurationList;
			buildConfigurations = (
				7F47D40420C34CBD00E09D9C /* Debug */,
				7F47D40520C34CBD00E09D9C /* Release */,
			);
			defaultConfigurationIsVisible = 0;
			defaultConfigurationName = Release;
		};
		7F47D40620C34CBD00E09D9C /* Build configuration list for PBXNativeTarget "IMDB Viewer" */ = {
			isa = XCConfigurationList;
			buildConfigurations = (
				7F47D40720C34CBD00E09D9C /* Debug */,
				7F47D40820C34CBD00E09D9C /* Release */,
			);
			defaultConfigurationIsVisible = 0;
			defaultConfigurationName = Release;
		};
		7F47D40920C34CBD00E09D9C /* Build configuration list for PBXNativeTarget "IMDB ViewerTests" */ = {
			isa = XCConfigurationList;
			buildConfigurations = (
				7F47D40A20C34CBD00E09D9C /* Debug */,
				7F47D40B20C34CBD00E09D9C /* Release */,
			);
			defaultConfigurationIsVisible = 0;
			defaultConfigurationName = Release;
		};
		7F47D40C20C34CBD00E09D9C /* Build configuration list for PBXNativeTarget "IMDB ViewerUITests" */ = {
			isa = XCConfigurationList;
			buildConfigurations = (
				7F47D40D20C34CBD00E09D9C /* Debug */,
				7F47D40E20C34CBD00E09D9C /* Release */,
			);
			defaultConfigurationIsVisible = 0;
			defaultConfigurationName = Release;
		};
/* End XCConfigurationList section */
	};
	rootObject = 7F47D3D620C34CB800E09D9C /* Project object */;
}
